
Microsoft Visual Studio Solution File, Format Version 12.00
# Visual Studio Version 16
VisualStudioVersion = 16.0.29230.47
MinimumVisualStudioVersion = 10.0.40219.1
Project("{FAE04EC0-301F-11D3-BF4B-00C04F79EFBC}") = "CodilityTests", "CodilityTests.csproj", "{6389006B-F4C8-4CA1-B3A5-067650CDDED8}"
EndProject
Global
	GlobalSection(SolutionConfigurationPlatforms) = preSolution
		Debug|Any CPU = Debug|Any CPU
		Release|Any CPU = Release|Any CPU
	EndGlobalSection
	GlobalSection(ProjectConfigurationPlatforms) = postSolution
		{6389006B-F4C8-4CA1-B3A5-067650CDDED8}.Debug|Any CPU.ActiveCfg = Debug|Any CPU
		{6389006B-F4C8-4CA1-B3A5-067650CDDED8}.Debug|Any CPU.Build.0 = Debug|Any CPU
		{6389006B-F4C8-4CA1-B3A5-067650CDDED8}.Release|Any CPU.ActiveCfg = Release|Any CPU
		{6389006B-F4C8-4CA1-B3A5-067650CDDED8}.Release|Any CPU.Build.0 = Release|Any CPU
	EndGlobalSection
	GlobalSection(SolutionProperties) = preSolution
		HideSolutionNode = FALSE
	EndGlobalSection
	GlobalSection(ExtensibilityGlobals) = postSolution
		SolutionGuid = {C8A88208-BE7B-4F9A-9279-8E252E01BAFC}
	EndGlobalSection
EndGlobal
